
Microsoft Visual Studio Solution File, Format Version 12.00
# Visual Studio 14
VisualStudioVersion = 14.0.24720.0
MinimumVisualStudioVersion = 10.0.40219.1
Project("{FAE04EC0-301F-11D3-BF4B-00C04F79EFBC}") = "UI", "UI\UI.csproj", "{B1C1F544-B6E2-47B3-B750-EE28CDEF5CAD}"
EndProject
Project("{FAE04EC0-301F-11D3-BF4B-00C04F79EFBC}") = "Core", "Core\Core.csproj", "{4C0E17E1-0C45-484D-93FC-C55C9CA61BF3}"
EndProject
Project("{FAE04EC0-301F-11D3-BF4B-00C04F79EFBC}") = "Tests", "Tests\Tests.csproj", "{EA1C597B-B59D-47BC-A842-C15060CC9A9D}"
EndProject
Project("{FAE04EC0-301F-11D3-BF4B-00C04F79EFBC}") = "EasterEggs", "EasterEggs\EasterEggs.csproj", "{F39FD93D-655F-406B-A27A-CE5060A6AEE8}"
EndProject
Project("{FAE04EC0-301F-11D3-BF4B-00C04F79EFBC}") = "Logikek", "Logikek\Logikek.csproj", "{98B572C2-A232-40F5-9EF6-2EED5BF8DA87}"
EndProject
Project("{FAE04EC0-301F-11D3-BF4B-00C04F79EFBC}") = "Utils", "Utils\Utils.csproj", "{6A47E439-1F54-4314-BAD2-6E0571F61D8A}"
EndProject
Project("{FAE04EC0-301F-11D3-BF4B-00C04F79EFBC}") = "Sprache", "Sprache\Sprache.csproj", "{82CC8CF8-B770-4756-850A-95DD14DD312F}"
EndProject
Global
	GlobalSection(SolutionConfigurationPlatforms) = preSolution
		Debug|Any CPU = Debug|Any CPU
		Debug|ARM = Debug|ARM
		Debug|x64 = Debug|x64
		Debug|x86 = Debug|x86
		Release|Any CPU = Release|Any CPU
		Release|ARM = Release|ARM
		Release|x64 = Release|x64
		Release|x86 = Release|x86
	EndGlobalSection
	GlobalSection(ProjectConfigurationPlatforms) = postSolution
		{B1C1F544-B6E2-47B3-B750-EE28CDEF5CAD}.Debug|Any CPU.ActiveCfg = Debug|Any CPU
		{B1C1F544-B6E2-47B3-B750-EE28CDEF5CAD}.Debug|Any CPU.Build.0 = Debug|Any CPU
		{B1C1F544-B6E2-47B3-B750-EE28CDEF5CAD}.Debug|ARM.ActiveCfg = Debug|Any CPU
		{B1C1F544-B6E2-47B3-B750-EE28CDEF5CAD}.Debug|ARM.Build.0 = Debug|Any CPU
		{B1C1F544-B6E2-47B3-B750-EE28CDEF5CAD}.Debug|x64.ActiveCfg = Debug|Any CPU
		{B1C1F544-B6E2-47B3-B750-EE28CDEF5CAD}.Debug|x64.Build.0 = Debug|Any CPU
		{B1C1F544-B6E2-47B3-B750-EE28CDEF5CAD}.Debug|x86.ActiveCfg = Debug|Any CPU
		{B1C1F544-B6E2-47B3-B750-EE28CDEF5CAD}.Debug|x86.Build.0 = Debug|Any CPU
		{B1C1F544-B6E2-47B3-B750-EE28CDEF5CAD}.Release|Any CPU.ActiveCfg = Release|Any CPU
		{B1C1F544-B6E2-47B3-B750-EE28CDEF5CAD}.Release|Any CPU.Build.0 = Release|Any CPU
		{B1C1F544-B6E2-47B3-B750-EE28CDEF5CAD}.Release|ARM.ActiveCfg = Release|Any CPU
		{B1C1F544-B6E2-47B3-B750-EE28CDEF5CAD}.Release|ARM.Build.0 = Release|Any CPU
		{B1C1F544-B6E2-47B3-B750-EE28CDEF5CAD}.Release|x64.ActiveCfg = Release|Any CPU
		{B1C1F544-B6E2-47B3-B750-EE28CDEF5CAD}.Release|x64.Build.0 = Release|Any CPU
		{B1C1F544-B6E2-47B3-B750-EE28CDEF5CAD}.Release|x86.ActiveCfg = Release|Any CPU
		{B1C1F544-B6E2-47B3-B750-EE28CDEF5CAD}.Release|x86.Build.0 = Release|Any CPU
		{4C0E17E1-0C45-484D-93FC-C55C9CA61BF3}.Debug|Any CPU.ActiveCfg = Debug|Any CPU
		{4C0E17E1-0C45-484D-93FC-C55C9CA61BF3}.Debug|Any CPU.Build.0 = Debug|Any CPU
		{4C0E17E1-0C45-484D-93FC-C55C9CA61BF3}.Debug|ARM.ActiveCfg = Debug|Any CPU
		{4C0E17E1-0C45-484D-93FC-C55C9CA61BF3}.Debug|ARM.Build.0 = Debug|Any CPU
		{4C0E17E1-0C45-484D-93FC-C55C9CA61BF3}.Debug|x64.ActiveCfg = Debug|Any CPU
		{4C0E17E1-0C45-484D-93FC-C55C9CA61BF3}.Debug|x64.Build.0 = Debug|Any CPU
		{4C0E17E1-0C45-484D-93FC-C55C9CA61BF3}.Debug|x86.ActiveCfg = Debug|Any CPU
		{4C0E17E1-0C45-484D-93FC-C55C9CA61BF3}.Debug|x86.Build.0 = Debug|Any CPU
		{4C0E17E1-0C45-484D-93FC-C55C9CA61BF3}.Release|Any CPU.ActiveCfg = Release|Any CPU
		{4C0E17E1-0C45-484D-93FC-C55C9CA61BF3}.Release|Any CPU.Build.0 = Release|Any CPU
		{4C0E17E1-0C45-484D-93FC-C55C9CA61BF3}.Release|ARM.ActiveCfg = Release|Any CPU
		{4C0E17E1-0C45-484D-93FC-C55C9CA61BF3}.Release|ARM.Build.0 = Release|Any CPU
		{4C0E17E1-0C45-484D-93FC-C55C9CA61BF3}.Release|x64.ActiveCfg = Release|Any CPU
		{4C0E17E1-0C45-484D-93FC-C55C9CA61BF3}.Release|x64.Build.0 = Release|Any CPU
		{4C0E17E1-0C45-484D-93FC-C55C9CA61BF3}.Release|x86.ActiveCfg = Release|Any CPU
		{4C0E17E1-0C45-484D-93FC-C55C9CA61BF3}.Release|x86.Build.0 = Release|Any CPU
		{EA1C597B-B59D-47BC-A842-C15060CC9A9D}.Debug|Any CPU.ActiveCfg = Debug|Any CPU
		{EA1C597B-B59D-47BC-A842-C15060CC9A9D}.Debug|Any CPU.Build.0 = Debug|Any CPU
		{EA1C597B-B59D-47BC-A842-C15060CC9A9D}.Debug|ARM.ActiveCfg = Debug|Any CPU
		{EA1C597B-B59D-47BC-A842-C15060CC9A9D}.Debug|ARM.Build.0 = Debug|Any CPU
		{EA1C597B-B59D-47BC-A842-C15060CC9A9D}.Debug|x64.ActiveCfg = Debug|Any CPU
		{EA1C597B-B59D-47BC-A842-C15060CC9A9D}.Debug|x64.Build.0 = Debug|Any CPU
		{EA1C597B-B59D-47BC-A842-C15060CC9A9D}.Debug|x86.ActiveCfg = Debug|Any CPU
		{EA1C597B-B59D-47BC-A842-C15060CC9A9D}.Debug|x86.Build.0 = Debug|Any CPU
		{EA1C597B-B59D-47BC-A842-C15060CC9A9D}.Release|Any CPU.ActiveCfg = Release|Any CPU
		{EA1C597B-B59D-47BC-A842-C15060CC9A9D}.Release|Any CPU.Build.0 = Release|Any CPU
		{EA1C597B-B59D-47BC-A842-C15060CC9A9D}.Release|ARM.ActiveCfg = Release|Any CPU
		{EA1C597B-B59D-47BC-A842-C15060CC9A9D}.Release|ARM.Build.0 = Release|Any CPU
		{EA1C597B-B59D-47BC-A842-C15060CC9A9D}.Release|x64.ActiveCfg = Release|Any CPU
		{EA1C597B-B59D-47BC-A842-C15060CC9A9D}.Release|x64.Build.0 = Release|Any CPU
		{EA1C597B-B59D-47BC-A842-C15060CC9A9D}.Release|x86.ActiveCfg = Release|Any CPU
		{EA1C597B-B59D-47BC-A842-C15060CC9A9D}.Release|x86.Build.0 = Release|Any CPU
		{F39FD93D-655F-406B-A27A-CE5060A6AEE8}.Debug|Any CPU.ActiveCfg = Debug|Any CPU
		{F39FD93D-655F-406B-A27A-CE5060A6AEE8}.Debug|Any CPU.Build.0 = Debug|Any CPU
		{F39FD93D-655F-406B-A27A-CE5060A6AEE8}.Debug|ARM.ActiveCfg = Debug|Any CPU
		{F39FD93D-655F-406B-A27A-CE5060A6AEE8}.Debug|ARM.Build.0 = Debug|Any CPU
		{F39FD93D-655F-406B-A27A-CE5060A6AEE8}.Debug|x64.ActiveCfg = Debug|Any CPU
		{F39FD93D-655F-406B-A27A-CE5060A6AEE8}.Debug|x64.Build.0 = Debug|Any CPU
		{F39FD93D-655F-406B-A27A-CE5060A6AEE8}.Debug|x86.ActiveCfg = Debug|Any CPU
		{F39FD93D-655F-406B-A27A-CE5060A6AEE8}.Debug|x86.Build.0 = Debug|Any CPU
		{F39FD93D-655F-406B-A27A-CE5060A6AEE8}.Release|Any CPU.ActiveCfg = Release|Any CPU
		{F39FD93D-655F-406B-A27A-CE5060A6AEE8}.Release|Any CPU.Build.0 = Release|Any CPU
		{F39FD93D-655F-406B-A27A-CE5060A6AEE8}.Release|ARM.ActiveCfg = Release|Any CPU
		{F39FD93D-655F-406B-A27A-CE5060A6AEE8}.Release|ARM.Build.0 = Release|Any CPU
		{F39FD93D-655F-406B-A27A-CE5060A6AEE8}.Release|x64.ActiveCfg = Release|Any CPU
		{F39FD93D-655F-406B-A27A-CE5060A6AEE8}.Release|x64.Build.0 = Release|Any CPU
		{F39FD93D-655F-406B-A27A-CE5060A6AEE8}.Release|x86.ActiveCfg = Release|Any CPU
		{F39FD93D-655F-406B-A27A-CE5060A6AEE8}.Release|x86.Build.0 = Release|Any CPU
		{98B572C2-A232-40F5-9EF6-2EED5BF8DA87}.Debug|Any CPU.ActiveCfg = Debug|Any CPU
		{98B572C2-A232-40F5-9EF6-2EED5BF8DA87}.Debug|Any CPU.Build.0 = Debug|Any CPU
		{98B572C2-A232-40F5-9EF6-2EED5BF8DA87}.Debug|ARM.ActiveCfg = Debug|Any CPU
		{98B572C2-A232-40F5-9EF6-2EED5BF8DA87}.Debug|ARM.Build.0 = Debug|Any CPU
		{98B572C2-A232-40F5-9EF6-2EED5BF8DA87}.Debug|x64.ActiveCfg = Debug|Any CPU
		{98B572C2-A232-40F5-9EF6-2EED5BF8DA87}.Debug|x64.Build.0 = Debug|Any CPU
		{98B572C2-A232-40F5-9EF6-2EED5BF8DA87}.Debug|x86.ActiveCfg = Debug|Any CPU
		{98B572C2-A232-40F5-9EF6-2EED5BF8DA87}.Debug|x86.Build.0 = Debug|Any CPU
		{98B572C2-A232-40F5-9EF6-2EED5BF8DA87}.Release|Any CPU.ActiveCfg = Release|Any CPU
		{98B572C2-A232-40F5-9EF6-2EED5BF8DA87}.Release|Any CPU.Build.0 = Release|Any CPU
		{98B572C2-A232-40F5-9EF6-2EED5BF8DA87}.Release|ARM.ActiveCfg = Release|Any CPU
		{98B572C2-A232-40F5-9EF6-2EED5BF8DA87}.Release|ARM.Build.0 = Release|Any CPU
		{98B572C2-A232-40F5-9EF6-2EED5BF8DA87}.Release|x64.ActiveCfg = Release|Any CPU
		{98B572C2-A232-40F5-9EF6-2EED5BF8DA87}.Release|x64.Build.0 = Release|Any CPU
		{98B572C2-A232-40F5-9EF6-2EED5BF8DA87}.Release|x86.ActiveCfg = Release|Any CPU
		{98B572C2-A232-40F5-9EF6-2EED5BF8DA87}.Release|x86.Build.0 = Release|Any CPU
		{6A47E439-1F54-4314-BAD2-6E0571F61D8A}.Debug|Any CPU.ActiveCfg = Debug|Any CPU
		{6A47E439-1F54-4314-BAD2-6E0571F61D8A}.Debug|Any CPU.Build.0 = Debug|Any CPU
		{6A47E439-1F54-4314-BAD2-6E0571F61D8A}.Debug|ARM.ActiveCfg = Debug|Any CPU
		{6A47E439-1F54-4314-BAD2-6E0571F61D8A}.Debug|ARM.Build.0 = Debug|Any CPU
		{6A47E439-1F54-4314-BAD2-6E0571F61D8A}.Debug|x64.ActiveCfg = Debug|Any CPU
		{6A47E439-1F54-4314-BAD2-6E0571F61D8A}.Debug|x64.Build.0 = Debug|Any CPU
		{6A47E439-1F54-4314-BAD2-6E0571F61D8A}.Debug|x86.ActiveCfg = Debug|Any CPU
		{6A47E439-1F54-4314-BAD2-6E0571F61D8A}.Debug|x86.Build.0 = Debug|Any CPU
		{6A47E439-1F54-4314-BAD2-6E0571F61D8A}.Release|Any CPU.ActiveCfg = Release|Any CPU
		{6A47E439-1F54-4314-BAD2-6E0571F61D8A}.Release|Any CPU.Build.0 = Release|Any CPU
		{6A47E439-1F54-4314-BAD2-6E0571F61D8A}.Release|ARM.ActiveCfg = Release|Any CPU
		{6A47E439-1F54-4314-BAD2-6E0571F61D8A}.Release|ARM.Build.0 = Release|Any CPU
		{6A47E439-1F54-4314-BAD2-6E0571F61D8A}.Release|x64.ActiveCfg = Release|Any CPU
		{6A47E439-1F54-4314-BAD2-6E0571F61D8A}.Release|x64.Build.0 = Release|Any CPU
		{6A47E439-1F54-4314-BAD2-6E0571F61D8A}.Release|x86.ActiveCfg = Release|Any CPU
		{6A47E439-1F54-4314-BAD2-6E0571F61D8A}.Release|x86.Build.0 = Release|Any CPU
		{82CC8CF8-B770-4756-850A-95DD14DD312F}.Debug|Any CPU.ActiveCfg = Debug|Any CPU
		{82CC8CF8-B770-4756-850A-95DD14DD312F}.Debug|Any CPU.Build.0 = Debug|Any CPU
		{82CC8CF8-B770-4756-850A-95DD14DD312F}.Debug|ARM.ActiveCfg = Debug|Any CPU
		{82CC8CF8-B770-4756-850A-95DD14DD312F}.Debug|ARM.Build.0 = Debug|Any CPU
		{82CC8CF8-B770-4756-850A-95DD14DD312F}.Debug|x64.ActiveCfg = Debug|Any CPU
		{82CC8CF8-B770-4756-850A-95DD14DD312F}.Debug|x64.Build.0 = Debug|Any CPU
		{82CC8CF8-B770-4756-850A-95DD14DD312F}.Debug|x86.ActiveCfg = Debug|Any CPU
		{82CC8CF8-B770-4756-850A-95DD14DD312F}.Debug|x86.Build.0 = Debug|Any CPU
		{82CC8CF8-B770-4756-850A-95DD14DD312F}.Release|Any CPU.ActiveCfg = Release|Any CPU
		{82CC8CF8-B770-4756-850A-95DD14DD312F}.Release|Any CPU.Build.0 = Release|Any CPU
		{82CC8CF8-B770-4756-850A-95DD14DD312F}.Release|ARM.ActiveCfg = Release|Any CPU
		{82CC8CF8-B770-4756-850A-95DD14DD312F}.Release|ARM.Build.0 = Release|Any CPU
		{82CC8CF8-B770-4756-850A-95DD14DD312F}.Release|x64.ActiveCfg = Release|Any CPU
		{82CC8CF8-B770-4756-850A-95DD14DD312F}.Release|x64.Build.0 = Release|Any CPU
		{82CC8CF8-B770-4756-850A-95DD14DD312F}.Release|x86.ActiveCfg = Release|Any CPU
		{82CC8CF8-B770-4756-850A-95DD14DD312F}.Release|x86.Build.0 = Release|Any CPU
	EndGlobalSection
	GlobalSection(SolutionProperties) = preSolution
		HideSolutionNode = FALSE
	EndGlobalSection
EndGlobal
